
Microsoft Visual Studio Solution File, Format Version 12.00
# Visual Studio Version 16
VisualStudioVersion = 16.0.31112.23
MinimumVisualStudioVersion = 10.0.40219.1
Project("{FAE04EC0-301F-11D3-BF4B-00C04F79EFBC}") = "GameSnakeWpf", "GameSnakeWpf\GameSnakeWpf.csproj", "{5ED5419B-7478-4C82-B710-5DB9999E9CB9}"
EndProject
Global
	GlobalSection(SolutionConfigurationPlatforms) = preSolution
		Debug|Any CPU = Debug|Any CPU
		Release|Any CPU = Release|Any CPU
	EndGlobalSection
	GlobalSection(ProjectConfigurationPlatforms) = postSolution
		{5ED5419B-7478-4C82-B710-5DB9999E9CB9}.Debug|Any CPU.ActiveCfg = Debug|Any CPU
		{5ED5419B-7478-4C82-B710-5DB9999E9CB9}.Debug|Any CPU.Build.0 = Debug|Any CPU
		{5ED5419B-7478-4C82-B710-5DB9999E9CB9}.Release|Any CPU.ActiveCfg = Release|Any CPU
		{5ED5419B-7478-4C82-B710-5DB9999E9CB9}.Release|Any CPU.Build.0 = Release|Any CPU
	EndGlobalSection
	GlobalSection(SolutionProperties) = preSolution
		HideSolutionNode = FALSE
	EndGlobalSection
	GlobalSection(ExtensibilityGlobals) = postSolution
		SolutionGuid = {919E4459-23F7-407E-BC88-34301AE5BE32}
	EndGlobalSection
EndGlobal
